
Microsoft Visual Studio Solution File, Format Version 12.00
# Visual Studio Version 16
VisualStudioVersion = 16.0.30128.74
MinimumVisualStudioVersion = 10.0.40219.1
Project("{FAE04EC0-301F-11D3-BF4B-00C04F79EFBC}") = "Sakila", "Sakila\Sakila.csproj", "{C2A27122-3217-4DDC-A1B2-439C41F1A45F}"
EndProject
Global
	GlobalSection(SolutionConfigurationPlatforms) = preSolution
		Debug|Any CPU = Debug|Any CPU
		Release|Any CPU = Release|Any CPU
	EndGlobalSection
	GlobalSection(ProjectConfigurationPlatforms) = postSolution
		{C2A27122-3217-4DDC-A1B2-439C41F1A45F}.Debug|Any CPU.ActiveCfg = Debug|Any CPU
		{C2A27122-3217-4DDC-A1B2-439C41F1A45F}.Debug|Any CPU.Build.0 = Debug|Any CPU
		{C2A27122-3217-4DDC-A1B2-439C41F1A45F}.Release|Any CPU.ActiveCfg = Release|Any CPU
		{C2A27122-3217-4DDC-A1B2-439C41F1A45F}.Release|Any CPU.Build.0 = Release|Any CPU
	EndGlobalSection
	GlobalSection(SolutionProperties) = preSolution
		HideSolutionNode = FALSE
	EndGlobalSection
	GlobalSection(ExtensibilityGlobals) = postSolution
		SolutionGuid = {0389B2F2-9A06-42CB-A2B1-DDFAD2536526}
	EndGlobalSection
EndGlobal
